// !$*UTF8*$!
{
	archiveVersion = 1;
	classes = {
	};
	objectVersion = 46;
	objects = {

/* Begin PBXBuildFile section */
		27526E641C0BDA030053DF80 /* bible.xml in Resources */ = {isa = PBXBuildFile; fileRef = 27526E631C0BDA030053DF80 /* bible.xml */; settings = {ASSET_TAGS = (); }; };
		27526E6A1C0BF6760053DF80 /* PBBibleChapterViewController.m in Sources */ = {isa = PBXBuildFile; fileRef = 27526E691C0BF6760053DF80 /* PBBibleChapterViewController.m */; settings = {ASSET_TAGS = (); }; };
		27526E6D1C0BF6A50053DF80 /* PBBibleSectionCell.m in Sources */ = {isa = PBXBuildFile; fileRef = 27526E6C1C0BF6A50053DF80 /* PBBibleSectionCell.m */; settings = {ASSET_TAGS = (); }; };
		27526E701C0C147D0053DF80 /* PBBibleSubChapterCell.m in Sources */ = {isa = PBXBuildFile; fileRef = 27526E6F1C0C147D0053DF80 /* PBBibleSubChapterCell.m */; settings = {ASSET_TAGS = (); }; };
		27AEF30A1C0B4FA10094C0BC /* main.m in Sources */ = {isa = PBXBuildFile; fileRef = 27AEF3091C0B4FA10094C0BC /* main.m */; };
		27AEF30D1C0B4FA10094C0BC /* AppDelegate.m in Sources */ = {isa = PBXBuildFile; fileRef = 27AEF30C1C0B4FA10094C0BC /* AppDelegate.m */; };
		27AEF3131C0B4FA10094C0BC /* Main.storyboard in Resources */ = {isa = PBXBuildFile; fileRef = 27AEF3111C0B4FA10094C0BC /* Main.storyboard */; };
		27AEF3151C0B4FA10094C0BC /* Assets.xcassets in Resources */ = {isa = PBXBuildFile; fileRef = 27AEF3141C0B4FA10094C0BC /* Assets.xcassets */; };
		27AEF3181C0B4FA10094C0BC /* LaunchScreen.storyboard in Resources */ = {isa = PBXBuildFile; fileRef = 27AEF3161C0B4FA10094C0BC /* LaunchScreen.storyboard */; };
		27AEF3231C0B4FA10094C0BC /* PBPocketBibleTests.m in Sources */ = {isa = PBXBuildFile; fileRef = 27AEF3221C0B4FA10094C0BC /* PBPocketBibleTests.m */; };
		27AEF32E1C0B4FA20094C0BC /* PBPocketBibleUITests.m in Sources */ = {isa = PBXBuildFile; fileRef = 27AEF32D1C0B4FA20094C0BC /* PBPocketBibleUITests.m */; };
		27AEF33D1C0B51460094C0BC /* PBBibleBookViewController.m in Sources */ = {isa = PBXBuildFile; fileRef = 27AEF33C1C0B51460094C0BC /* PBBibleBookViewController.m */; settings = {ASSET_TAGS = (); }; };
		27AEF3401C0B51E20094C0BC /* PBBibleVolumeCell.m in Sources */ = {isa = PBXBuildFile; fileRef = 27AEF33F1C0B51E20094C0BC /* PBBibleVolumeCell.m */; settings = {ASSET_TAGS = (); }; };
		27AEF3461C0B52550094C0BC /* PBBibleVolumeViewController.m in Sources */ = {isa = PBXBuildFile; fileRef = 27AEF3451C0B52550094C0BC /* PBBibleVolumeViewController.m */; settings = {ASSET_TAGS = (); }; };
		27AEF3491C0B52F50094C0BC /* PBBibleChapterCell.m in Sources */ = {isa = PBXBuildFile; fileRef = 27AEF3481C0B52F50094C0BC /* PBBibleChapterCell.m */; settings = {ASSET_TAGS = (); }; };
		3DB57E1B37C29A68C05D1990 /* libPods.a in Frameworks */ = {isa = PBXBuildFile; fileRef = 08A05064CF1373479DA4D593 /* libPods.a */; };
/* End PBXBuildFile section */

/* Begin PBXContainerItemProxy section */
		27AEF31F1C0B4FA10094C0BC /* PBXContainerItemProxy */ = {
			isa = PBXContainerItemProxy;
			containerPortal = 27AEF2FD1C0B4FA10094C0BC /* Project object */;
			proxyType = 1;
			remoteGlobalIDString = 27AEF3041C0B4FA10094C0BC;
			remoteInfo = PBPocketBible;
		};
		27AEF32A1C0B4FA10094C0BC /* PBXContainerItemProxy */ = {
			isa = PBXContainerItemProxy;
			containerPortal = 27AEF2FD1C0B4FA10094C0BC /* Project object */;
			proxyType = 1;
			remoteGlobalIDString = 27AEF3041C0B4FA10094C0BC;
			remoteInfo = PBPocketBible;
		};
/* End PBXContainerItemProxy section */

/* Begin PBXFileReference section */
		08A05064CF1373479DA4D593 /* libPods.a */ = {isa = PBXFileReference; explicitFileType = archive.ar; includeInIndex = 0; path = libPods.a; sourceTree = BUILT_PRODUCTS_DIR; };
		27526E631C0BDA030053DF80 /* bible.xml */ = {isa = PBXFileReference; fileEncoding = 4; lastKnownFileType = text.xml; path = bible.xml; sourceTree = "<group>"; };
		27526E681C0BF6760053DF80 /* PBBibleChapterViewController.h */ = {isa = PBXFileReference; fileEncoding = 4; lastKnownFileType = sourcecode.c.h; path = PBBibleChapterViewController.h; sourceTree = "<group>"; };
		27526E691C0BF6760053DF80 /* PBBibleChapterViewController.m */ = {isa = PBXFileReference; fileEncoding = 4; lastKnownFileType = sourcecode.c.objc; path = PBBibleChapterViewController.m; sourceTree = "<group>"; };
		27526E6B1C0BF6A50053DF80 /* PBBibleSectionCell.h */ = {isa = PBXFileReference; fileEncoding = 4; lastKnownFileType = sourcecode.c.h; path = PBBibleSectionCell.h; sourceTree = "<group>"; };
		27526E6C1C0BF6A50053DF80 /* PBBibleSectionCell.m */ = {isa = PBXFileReference; fileEncoding = 4; lastKnownFileType = sourcecode.c.objc; path = PBBibleSectionCell.m; sourceTree = "<group>"; };
		27526E6E1C0C147D0053DF80 /* PBBibleSubChapterCell.h */ = {isa = PBXFileReference; fileEncoding = 4; lastKnownFileType = sourcecode.c.h; path = PBBibleSubChapterCell.h; sourceTree = "<group>"; };
		27526E6F1C0C147D0053DF80 /* PBBibleSubChapterCell.m */ = {isa = PBXFileReference; fileEncoding = 4; lastKnownFileType = sourcecode.c.objc; path = PBBibleSubChapterCell.m; sourceTree = "<group>"; };
		27AEF3051C0B4FA10094C0BC /* PBPocketBible.app */ = {isa = PBXFileReference; explicitFileType = wrapper.application; includeInIndex = 0; path = PBPocketBible.app; sourceTree = BUILT_PRODUCTS_DIR; };
		27AEF3091C0B4FA10094C0BC /* main.m */ = {isa = PBXFileReference; lastKnownFileType = sourcecode.c.objc; path = main.m; sourceTree = "<group>"; };
		27AEF30B1C0B4FA10094C0BC /* AppDelegate.h */ = {isa = PBXFileReference; lastKnownFileType = sourcecode.c.h; path = AppDelegate.h; sourceTree = "<group>"; };
		27AEF30C1C0B4FA10094C0BC /* AppDelegate.m */ = {isa = PBXFileReference; lastKnownFileType = sourcecode.c.objc; path = AppDelegate.m; sourceTree = "<group>"; };
		27AEF3121C0B4FA10094C0BC /* Base */ = {isa = PBXFileReference; lastKnownFileType = file.storyboard; name = Base; path = Base.lproj/Main.storyboard; sourceTree = "<group>"; };
		27AEF3141C0B4FA10094C0BC /* Assets.xcassets */ = {isa = PBXFileReference; lastKnownFileType = folder.assetcatalog; path = Assets.xcassets; sourceTree = "<group>"; };
		27AEF3171C0B4FA10094C0BC /* Base */ = {isa = PBXFileReference; lastKnownFileType = file.storyboard; name = Base; path = Base.lproj/LaunchScreen.storyboard; sourceTree = "<group>"; };
		27AEF3191C0B4FA10094C0BC /* Info.plist */ = {isa = PBXFileReference; lastKnownFileType = text.plist.xml; path = Info.plist; sourceTree = "<group>"; };
		27AEF31E1C0B4FA10094C0BC /* PBPocketBibleTests.xctest */ = {isa = PBXFileReference; explicitFileType = wrapper.cfbundle; includeInIndex = 0; path = PBPocketBibleTests.xctest; sourceTree = BUILT_PRODUCTS_DIR; };
		27AEF3221C0B4FA10094C0BC /* PBPocketBibleTests.m */ = {isa = PBXFileReference; lastKnownFileType = sourcecode.c.objc; path = PBPocketBibleTests.m; sourceTree = "<group>"; };
		27AEF3241C0B4FA10094C0BC /* Info.plist */ = {isa = PBXFileReference; lastKnownFileType = text.plist.xml; path = Info.plist; sourceTree = "<group>"; };
		27AEF3291C0B4FA10094C0BC /* PBPocketBibleUITests.xctest */ = {isa = PBXFileReference; explicitFileType = wrapper.cfbundle; includeInIndex = 0; path = PBPocketBibleUITests.xctest; sourceTree = BUILT_PRODUCTS_DIR; };
		27AEF32D1C0B4FA20094C0BC /* PBPocketBibleUITests.m */ = {isa = PBXFileReference; lastKnownFileType = sourcecode.c.objc; path = PBPocketBibleUITests.m; sourceTree = "<group>"; };
		27AEF32F1C0B4FA20094C0BC /* Info.plist */ = {isa = PBXFileReference; lastKnownFileType = text.plist.xml; path = Info.plist; sourceTree = "<group>"; };
		27AEF33B1C0B51460094C0BC /* PBBibleBookViewController.h */ = {isa = PBXFileReference; fileEncoding = 4; lastKnownFileType = sourcecode.c.h; path = PBBibleBookViewController.h; sourceTree = "<group>"; };
		27AEF33C1C0B51460094C0BC /* PBBibleBookViewController.m */ = {isa = PBXFileReference; fileEncoding = 4; lastKnownFileType = sourcecode.c.objc; path = PBBibleBookViewController.m; sourceTree = "<group>"; };
		27AEF33E1C0B51E20094C0BC /* PBBibleVolumeCell.h */ = {isa = PBXFileReference; fileEncoding = 4; lastKnownFileType = sourcecode.c.h; path = PBBibleVolumeCell.h; sourceTree = "<group>"; };
		27AEF33F1C0B51E20094C0BC /* PBBibleVolumeCell.m */ = {isa = PBXFileReference; fileEncoding = 4; lastKnownFileType = sourcecode.c.objc; path = PBBibleVolumeCell.m; sourceTree = "<group>"; };
		27AEF3441C0B52550094C0BC /* PBBibleVolumeViewController.h */ = {isa = PBXFileReference; fileEncoding = 4; lastKnownFileType = sourcecode.c.h; name = PBBibleVolumeViewController.h; path = ../PBBibleVolumeViewController.h; sourceTree = "<group>"; };
		27AEF3451C0B52550094C0BC /* PBBibleVolumeViewController.m */ = {isa = PBXFileReference; fileEncoding = 4; lastKnownFileType = sourcecode.c.objc; name = PBBibleVolumeViewController.m; path = ../PBBibleVolumeViewController.m; sourceTree = "<group>"; };
		27AEF3471C0B52F50094C0BC /* PBBibleChapterCell.h */ = {isa = PBXFileReference; fileEncoding = 4; lastKnownFileType = sourcecode.c.h; path = PBBibleChapterCell.h; sourceTree = "<group>"; };
		27AEF3481C0B52F50094C0BC /* PBBibleChapterCell.m */ = {isa = PBXFileReference; fileEncoding = 4; lastKnownFileType = sourcecode.c.objc; path = PBBibleChapterCell.m; sourceTree = "<group>"; };
		A8A6D5B5414408C923129B1C /* Pods.release.xcconfig */ = {isa = PBXFileReference; includeInIndex = 1; lastKnownFileType = text.xcconfig; name = Pods.release.xcconfig; path = "Pods/Target Support Files/Pods/Pods.release.xcconfig"; sourceTree = "<group>"; };
		C0C6FD8B7A0409CB4EBC6D68 /* Pods.debug.xcconfig */ = {isa = PBXFileReference; includeInIndex = 1; lastKnownFileType = text.xcconfig; name = Pods.debug.xcconfig; path = "Pods/Target Support Files/Pods/Pods.debug.xcconfig"; sourceTree = "<group>"; };
/* End PBXFileReference section */

/* Begin PBXFrameworksBuildPhase section */
		27AEF3021C0B4FA10094C0BC /* Frameworks */ = {
			isa = PBXFrameworksBuildPhase;
			buildActionMask = 2147483647;
			files = (
				3DB57E1B37C29A68C05D1990 /* libPods.a in Frameworks */,
			);
			runOnlyForDeploymentPostprocessing = 0;
		};
		27AEF31B1C0B4FA10094C0BC /* Frameworks */ = {
			isa = PBXFrameworksBuildPhase;
			buildActionMask = 2147483647;
			files = (
			);
			runOnlyForDeploymentPostprocessing = 0;
		};
		27AEF3261C0B4FA10094C0BC /* Frameworks */ = {
			isa = PBXFrameworksBuildPhase;
			buildActionMask = 2147483647;
			files = (
			);
			runOnlyForDeploymentPostprocessing = 0;
		};
/* End PBXFrameworksBuildPhase section */

/* Begin PBXGroup section */
		27AEF2FC1C0B4FA10094C0BC = {
			isa = PBXGroup;
			children = (
				27AEF3071C0B4FA10094C0BC /* PBPocketBible */,
				27AEF3211C0B4FA10094C0BC /* PBPocketBibleTests */,
				27AEF32C1C0B4FA20094C0BC /* PBPocketBibleUITests */,
				27AEF3061C0B4FA10094C0BC /* Products */,
				DE527AADB0AABC5370A0EAC0 /* Pods */,
				572A63D34066DBB7451879F9 /* Frameworks */,
			);
			sourceTree = "<group>";
		};
		27AEF3061C0B4FA10094C0BC /* Products */ = {
			isa = PBXGroup;
			children = (
				27AEF3051C0B4FA10094C0BC /* PBPocketBible.app */,
				27AEF31E1C0B4FA10094C0BC /* PBPocketBibleTests.xctest */,
				27AEF3291C0B4FA10094C0BC /* PBPocketBibleUITests.xctest */,
			);
			name = Products;
			sourceTree = "<group>";
		};
		27AEF3071C0B4FA10094C0BC /* PBPocketBible */ = {
			isa = PBXGroup;
			children = (
				27AEF30B1C0B4FA10094C0BC /* AppDelegate.h */,
				27AEF30C1C0B4FA10094C0BC /* AppDelegate.m */,
				27AEF33B1C0B51460094C0BC /* PBBibleBookViewController.h */,
				27AEF33C1C0B51460094C0BC /* PBBibleBookViewController.m */,
				27AEF33E1C0B51E20094C0BC /* PBBibleVolumeCell.h */,
				27AEF33F1C0B51E20094C0BC /* PBBibleVolumeCell.m */,
				27AEF3441C0B52550094C0BC /* PBBibleVolumeViewController.h */,
				27AEF3451C0B52550094C0BC /* PBBibleVolumeViewController.m */,
				27AEF3471C0B52F50094C0BC /* PBBibleChapterCell.h */,
				27AEF3481C0B52F50094C0BC /* PBBibleChapterCell.m */,
				27526E681C0BF6760053DF80 /* PBBibleChapterViewController.h */,
				27526E691C0BF6760053DF80 /* PBBibleChapterViewController.m */,
				27526E6E1C0C147D0053DF80 /* PBBibleSubChapterCell.h */,
				27526E6F1C0C147D0053DF80 /* PBBibleSubChapterCell.m */,
				27526E6B1C0BF6A50053DF80 /* PBBibleSectionCell.h */,
				27526E6C1C0BF6A50053DF80 /* PBBibleSectionCell.m */,
				27AEF3111C0B4FA10094C0BC /* Main.storyboard */,
				27526E631C0BDA030053DF80 /* bible.xml */,
				27AEF3141C0B4FA10094C0BC /* Assets.xcassets */,
				27AEF3161C0B4FA10094C0BC /* LaunchScreen.storyboard */,
				27AEF3191C0B4FA10094C0BC /* Info.plist */,
				27AEF3081C0B4FA10094C0BC /* Supporting Files */,
			);
			path = PBPocketBible;
			sourceTree = "<group>";
		};
		27AEF3081C0B4FA10094C0BC /* Supporting Files */ = {
			isa = PBXGroup;
			children = (
				27AEF3091C0B4FA10094C0BC /* main.m */,
			);
			name = "Supporting Files";
			sourceTree = "<group>";
		};
		27AEF3211C0B4FA10094C0BC /* PBPocketBibleTests */ = {
			isa = PBXGroup;
			children = (
				27AEF3221C0B4FA10094C0BC /* PBPocketBibleTests.m */,
				27AEF3241C0B4FA10094C0BC /* Info.plist */,
			);
			path = PBPocketBibleTests;
			sourceTree = "<group>";
		};
		27AEF32C1C0B4FA20094C0BC /* PBPocketBibleUITests */ = {
			isa = PBXGroup;
			children = (
				27AEF32D1C0B4FA20094C0BC /* PBPocketBibleUITests.m */,
				27AEF32F1C0B4FA20094C0BC /* Info.plist */,
			);
			path = PBPocketBibleUITests;
			sourceTree = "<group>";
		};
		572A63D34066DBB7451879F9 /* Frameworks */ = {
			isa = PBXGroup;
			children = (
				08A05064CF1373479DA4D593 /* libPods.a */,
			);
			name = Frameworks;
			sourceTree = "<group>";
		};
		DE527AADB0AABC5370A0EAC0 /* Pods */ = {
			isa = PBXGroup;
			children = (
				C0C6FD8B7A0409CB4EBC6D68 /* Pods.debug.xcconfig */,
				A8A6D5B5414408C923129B1C /* Pods.release.xcconfig */,
			);
			name = Pods;
			sourceTree = "<group>";
		};
/* End PBXGroup section */

/* Begin PBXNativeTarget section */
		27AEF3041C0B4FA10094C0BC /* PBPocketBible */ = {
			isa = PBXNativeTarget;
			buildConfigurationList = 27AEF3321C0B4FA20094C0BC /* Build configuration list for PBXNativeTarget "PBPocketBible" */;
			buildPhases = (
				1B5A662F780A10C376C8047F /* Check Pods Manifest.lock */,
				27AEF3011C0B4FA10094C0BC /* Sources */,
				27AEF3021C0B4FA10094C0BC /* Frameworks */,
				27AEF3031C0B4FA10094C0BC /* Resources */,
				6CE76A3D1CCDAE268A644E0C /* Embed Pods Frameworks */,
				E33083CF581F5B068D64CA9A /* Copy Pods Resources */,
			);
			buildRules = (
			);
			dependencies = (
			);
			name = PBPocketBible;
			productName = PBPocketBible;
			productReference = 27AEF3051C0B4FA10094C0BC /* PBPocketBible.app */;
			productType = "com.apple.product-type.application";
		};
		27AEF31D1C0B4FA10094C0BC /* PBPocketBibleTests */ = {
			isa = PBXNativeTarget;
			buildConfigurationList = 27AEF3351C0B4FA20094C0BC /* Build configuration list for PBXNativeTarget "PBPocketBibleTests" */;
			buildPhases = (
				27AEF31A1C0B4FA10094C0BC /* Sources */,
				27AEF31B1C0B4FA10094C0BC /* Frameworks */,
				27AEF31C1C0B4FA10094C0BC /* Resources */,
			);
			buildRules = (
			);
			dependencies = (
				27AEF3201C0B4FA10094C0BC /* PBXTargetDependency */,
			);
			name = PBPocketBibleTests;
			productName = PBPocketBibleTests;
			productReference = 27AEF31E1C0B4FA10094C0BC /* PBPocketBibleTests.xctest */;
			productType = "com.apple.product-type.bundle.unit-test";
		};
		27AEF3281C0B4FA10094C0BC /* PBPocketBibleUITests */ = {
			isa = PBXNativeTarget;
			buildConfigurationList = 27AEF3381C0B4FA20094C0BC /* Build configuration list for PBXNativeTarget "PBPocketBibleUITests" */;
			buildPhases = (
				27AEF3251C0B4FA10094C0BC /* Sources */,
				27AEF3261C0B4FA10094C0BC /* Frameworks */,
				27AEF3271C0B4FA10094C0BC /* Resources */,
			);
			buildRules = (
			);
			dependencies = (
				27AEF32B1C0B4FA10094C0BC /* PBXTargetDependency */,
			);
			name = PBPocketBibleUITests;
			productName = PBPocketBibleUITests;
			productReference = 27AEF3291C0B4FA10094C0BC /* PBPocketBibleUITests.xctest */;
			productType = "com.apple.product-type.bundle.ui-testing";
		};
/* End PBXNativeTarget section */

/* Begin PBXProject section */
		27AEF2FD1C0B4FA10094C0BC /* Project object */ = {
			isa = PBXProject;
			attributes = {
				LastUpgradeCheck = 0700;
				ORGANIZATIONNAME = LAL;
				TargetAttributes = {
					27AEF3041C0B4FA10094C0BC = {
						CreatedOnToolsVersion = 7.0.1;
					};
					27AEF31D1C0B4FA10094C0BC = {
						CreatedOnToolsVersion = 7.0.1;
						TestTargetID = 27AEF3041C0B4FA10094C0BC;
					};
					27AEF3281C0B4FA10094C0BC = {
						CreatedOnToolsVersion = 7.0.1;
						TestTargetID = 27AEF3041C0B4FA10094C0BC;
					};
				};
			};
			buildConfigurationList = 27AEF3001C0B4FA10094C0BC /* Build configuration list for PBXProject "PBPocketBible" */;
			compatibilityVersion = "Xcode 3.2";
			developmentRegion = English;
			hasScannedForEncodings = 0;
			knownRegions = (
				en,
				Base,
			);
			mainGroup = 27AEF2FC1C0B4FA10094C0BC;
			productRefGroup = 27AEF3061C0B4FA10094C0BC /* Products */;
			projectDirPath = "";
			projectRoot = "";
			targets = (
				27AEF3041C0B4FA10094C0BC /* PBPocketBible */,
				27AEF31D1C0B4FA10094C0BC /* PBPocketBibleTests */,
				27AEF3281C0B4FA10094C0BC /* PBPocketBibleUITests */,
			);
		};
/* End PBXProject section */

/* Begin PBXResourcesBuildPhase section */
		27AEF3031C0B4FA10094C0BC /* Resources */ = {
			isa = PBXResourcesBuildPhase;
			buildActionMask = 2147483647;
			files = (
				27AEF3181C0B4FA10094C0BC /* LaunchScreen.storyboard in Resources */,
				27AEF3151C0B4FA10094C0BC /* Assets.xcassets in Resources */,
				27526E641C0BDA030053DF80 /* bible.xml in Resources */,
				27AEF3131C0B4FA10094C0BC /* Main.storyboard in Resources */,
			);
			runOnlyForDeploymentPostprocessing = 0;
		};
		27AEF31C1C0B4FA10094C0BC /* Resources */ = {
			isa = PBXResourcesBuildPhase;
			buildActionMask = 2147483647;
			files = (
			);
			runOnlyForDeploymentPostprocessing = 0;
		};
		27AEF3271C0B4FA10094C0BC /* Resources */ = {
			isa = PBXResourcesBuildPhase;
			buildActionMask = 2147483647;
			files = (
			);
			runOnlyForDeploymentPostprocessing = 0;
		};
/* End PBXResourcesBuildPhase section */

/* Begin PBXShellScriptBuildPhase section */
		1B5A662F780A10C376C8047F /* Check Pods Manifest.lock */ = {
			isa = PBXShellScriptBuildPhase;
			buildActionMask = 2147483647;
			files = (
			);
			inputPaths = (
			);
			name = "Check Pods Manifest.lock";
			outputPaths = (
			);
			runOnlyForDeploymentPostprocessing = 0;
			shellPath = /bin/sh;
			shellScript = "diff \"${PODS_ROOT}/../Podfile.lock\" \"${PODS_ROOT}/Manifest.lock\" > /dev/null\nif [[ $? != 0 ]] ; then\n    cat << EOM\nerror: The sandbox is not in sync with the Podfile.lock. Run 'pod install' or update your CocoaPods installation.\nEOM\n    exit 1\nfi\n";
			showEnvVarsInLog = 0;
		};
		6CE76A3D1CCDAE268A644E0C /* Embed Pods Frameworks */ = {
			isa = PBXShellScriptBuildPhase;
			buildActionMask = 2147483647;
			files = (
			);
			inputPaths = (
			);
			name = "Embed Pods Frameworks";
			outputPaths = (
			);
			runOnlyForDeploymentPostprocessing = 0;
			shellPath = /bin/sh;
			shellScript = "\"${SRCROOT}/Pods/Target Support Files/Pods/Pods-frameworks.sh\"\n";
			showEnvVarsInLog = 0;
		};
		E33083CF581F5B068D64CA9A /* Copy Pods Resources */ = {
			isa = PBXShellScriptBuildPhase;
			buildActionMask = 2147483647;
			files = (
			);
			inputPaths = (
			);
			name = "Copy Pods Resources";
			outputPaths = (
			);
			runOnlyForDeploymentPostprocessing = 0;
			shellPath = /bin/sh;
			shellScript = "\"${SRCROOT}/Pods/Target Support Files/Pods/Pods-resources.sh\"\n";
			showEnvVarsInLog = 0;
		};
/* End PBXShellScriptBuildPhase section */

/* Begin PBXSourcesBuildPhase section */
		27AEF3011C0B4FA10094C0BC /* Sources */ = {
			isa = PBXSourcesBuildPhase;
			buildActionMask = 2147483647;
			files = (
				27AEF3491C0B52F50094C0BC /* PBBibleChapterCell.m in Sources */,
				27526E6A1C0BF6760053DF80 /* PBBibleChapterViewController.m in Sources */,
				27AEF30D1C0B4FA10094C0BC /* AppDelegate.m in Sources */,
				27AEF33D1C0B51460094C0BC /* PBBibleBookViewController.m in Sources */,
				27526E701C0C147D0053DF80 /* PBBibleSubChapterCell.m in Sources */,
				27526E6D1C0BF6A50053DF80 /* PBBibleSectionCell.m in Sources */,
				27AEF3401C0B51E20094C0BC /* PBBibleVolumeCell.m in Sources */,
				27AEF30A1C0B4FA10094C0BC /* main.m in Sources */,
				27AEF3461C0B52550094C0BC /* PBBibleVolumeViewController.m in Sources */,
			);
			runOnlyForDeploymentPostprocessing = 0;
		};
		27AEF31A1C0B4FA10094C0BC /* Sources */ = {
			isa = PBXSourcesBuildPhase;
			buildActionMask = 2147483647;
			files = (
				27AEF3231C0B4FA10094C0BC /* PBPocketBibleTests.m in Sources */,
			);
			runOnlyForDeploymentPostprocessing = 0;
		};
		27AEF3251C0B4FA10094C0BC /* Sources */ = {
			isa = PBXSourcesBuildPhase;
			buildActionMask = 2147483647;
			files = (
				27AEF32E1C0B4FA20094C0BC /* PBPocketBibleUITests.m in Sources */,
			);
			runOnlyForDeploymentPostprocessing = 0;
		};
/* End PBXSourcesBuildPhase section */

/* Begin PBXTargetDependency section */
		27AEF3201C0B4FA10094C0BC /* PBXTargetDependency */ = {
			isa = PBXTargetDependency;
			target = 27AEF3041C0B4FA10094C0BC /* PBPocketBible */;
			targetProxy = 27AEF31F1C0B4FA10094C0BC /* PBXContainerItemProxy */;
		};
		27AEF32B1C0B4FA10094C0BC /* PBXTargetDependency */ = {
			isa = PBXTargetDependency;
			target = 27AEF3041C0B4FA10094C0BC /* PBPocketBible */;
			targetProxy = 27AEF32A1C0B4FA10094C0BC /* PBXContainerItemProxy */;
		};
/* End PBXTargetDependency section */

/* Begin PBXVariantGroup section */
		27AEF3111C0B4FA10094C0BC /* Main.storyboard */ = {
			isa = PBXVariantGroup;
			children = (
				27AEF3121C0B4FA10094C0BC /* Base */,
			);
			name = Main.storyboard;
			sourceTree = "<group>";
		};
		27AEF3161C0B4FA10094C0BC /* LaunchScreen.storyboard */ = {
			isa = PBXVariantGroup;
			children = (
				27AEF3171C0B4FA10094C0BC /* Base */,
			);
			name = LaunchScreen.storyboard;
			sourceTree = "<group>";
		};
/* End PBXVariantGroup section */

/* Begin XCBuildConfiguration section */
		27AEF3301C0B4FA20094C0BC /* Debug */ = {
			isa = XCBuildConfiguration;
			buildSettings = {
				ALWAYS_SEARCH_USER_PATHS = NO;
				CLANG_CXX_LANGUAGE_STANDARD = "gnu++0x";
				CLANG_CXX_LIBRARY = "libc++";
				CLANG_ENABLE_MODULES = YES;
				CLANG_ENABLE_OBJC_ARC = YES;
				CLANG_WARN_BOOL_CONVERSION = YES;
				CLANG_WARN_CONSTANT_CONVERSION = YES;
				CLANG_WARN_DIRECT_OBJC_ISA_USAGE = YES_ERROR;
				CLANG_WARN_EMPTY_BODY = YES;
				CLANG_WARN_ENUM_CONVERSION = YES;
				CLANG_WARN_INT_CONVERSION = YES;
				CLANG_WARN_OBJC_ROOT_CLASS = YES_ERROR;
				CLANG_WARN_UNREACHABLE_CODE = YES;
				CLANG_WARN__DUPLICATE_METHOD_MATCH = YES;
				"CODE_SIGN_IDENTITY[sdk=iphoneos*]" = "iPhone Developer";
				COPY_PHASE_STRIP = NO;
				DEBUG_INFORMATION_FORMAT = dwarf;
				ENABLE_STRICT_OBJC_MSGSEND = YES;
				ENABLE_TESTABILITY = YES;
				GCC_C_LANGUAGE_STANDARD = gnu99;
				GCC_DYNAMIC_NO_PIC = NO;
				GCC_NO_COMMON_BLOCKS = YES;
				GCC_OPTIMIZATION_LEVEL = 0;
				GCC_PREPROCESSOR_DEFINITIONS = (
					"DEBUG=1",
					"$(inherited)",
				);
				GCC_WARN_64_TO_32_BIT_CONVERSION = YES;
				GCC_WARN_ABOUT_RETURN_TYPE = YES_ERROR;
				GCC_WARN_UNDECLARED_SELECTOR = YES;
				GCC_WARN_UNINITIALIZED_AUTOS = YES_AGGRESSIVE;
				GCC_WARN_UNUSED_FUNCTION = YES;
				GCC_WARN_UNUSED_VARIABLE = YES;
				IPHONEOS_DEPLOYMENT_TARGET = 9.0;
				MTL_ENABLE_DEBUG_INFO = YES;
				ONLY_ACTIVE_ARCH = YES;
				SDKROOT = iphoneos;
				TARGETED_DEVICE_FAMILY = "1,2";
			};
			name = Debug;
		};
		27AEF3311C0B4FA20094C0BC /* Release */ = {
			isa = XCBuildConfiguration;
			buildSettings = {
				ALWAYS_SEARCH_USER_PATHS = NO;
				CLANG_CXX_LANGUAGE_STANDARD = "gnu++0x";
				CLANG_CXX_LIBRARY = "libc++";
				CLANG_ENABLE_MODULES = YES;
				CLANG_ENABLE_OBJC_ARC = YES;
				CLANG_WARN_BOOL_CONVERSION = YES;
				CLANG_WARN_CONSTANT_CONVERSION = YES;
				CLANG_WARN_DIRECT_OBJC_ISA_USAGE = YES_ERROR;
				CLANG_WARN_EMPTY_BODY = YES;
				CLANG_WARN_ENUM_CONVERSION = YES;
				CLANG_WARN_INT_CONVERSION = YES;
				CLANG_WARN_OBJC_ROOT_CLASS = YES_ERROR;
				CLANG_WARN_UNREACHABLE_CODE = YES;
				CLANG_WARN__DUPLICATE_METHOD_MATCH = YES;
				"CODE_SIGN_IDENTITY[sdk=iphoneos*]" = "iPhone Developer";
				COPY_PHASE_STRIP = NO;
				DEBUG_INFORMATION_FORMAT = "dwarf-with-dsym";
				ENABLE_NS_ASSERTIONS = NO;
				ENABLE_STRICT_OBJC_MSGSEND = YES;
				GCC_C_LANGUAGE_STANDARD = gnu99;
				GCC_NO_COMMON_BLOCKS = YES;
				GCC_WARN_64_TO_32_BIT_CONVERSION = YES;
				GCC_WARN_ABOUT_RETURN_TYPE = YES_ERROR;
				GCC_WARN_UNDECLARED_SELECTOR = YES;
				GCC_WARN_UNINITIALIZED_AUTOS = YES_AGGRESSIVE;
				GCC_WARN_UNUSED_FUNCTION = YES;
				GCC_WARN_UNUSED_VARIABLE = YES;
				IPHONEOS_DEPLOYMENT_TARGET = 9.0;
				MTL_ENABLE_DEBUG_INFO = NO;
				SDKROOT = iphoneos;
				TARGETED_DEVICE_FAMILY = "1,2";
				VALIDATE_PRODUCT = YES;
			};
			name = Release;
		};
		27AEF3331C0B4FA20094C0BC /* Debug */ = {
			isa = XCBuildConfiguration;
			baseConfigurationReference = C0C6FD8B7A0409CB4EBC6D68 /* Pods.debug.xcconfig */;
			buildSettings = {
				ASSETCATALOG_COMPILER_APPICON_NAME = AppIcon;
				INFOPLIST_FILE = PBPocketBible/Info.plist;
				LD_RUNPATH_SEARCH_PATHS = "$(inherited) @executable_path/Frameworks";
				PRODUCT_BUNDLE_IDENTIFIER = lol.Johnson.PBPocketBible;
				PRODUCT_NAME = "$(TARGET_NAME)";
			};
			name = Debug;
		};
		27AEF3341C0B4FA20094C0BC /* Release */ = {
			isa = XCBuildConfiguration;
			baseConfigurationReference = A8A6D5B5414408C923129B1C /* Pods.release.xcconfig */;
			buildSettings = {
				ASSETCATALOG_COMPILER_APPICON_NAME = AppIcon;
				INFOPLIST_FILE = PBPocketBible/Info.plist;
				LD_RUNPATH_SEARCH_PATHS = "$(inherited) @executable_path/Frameworks";
				PRODUCT_BUNDLE_IDENTIFIER = lol.Johnson.PBPocketBible;
				PRODUCT_NAME = "$(TARGET_NAME)";
			};
			name = Release;
		};
		27AEF3361C0B4FA20094C0BC /* Debug */ = {
			isa = XCBuildConfiguration;
			buildSettings = {
				BUNDLE_LOADER = "$(TEST_HOST)";
				INFOPLIST_FILE = PBPocketBibleTests/Info.plist;
				LD_RUNPATH_SEARCH_PATHS = "$(inherited) @executable_path/Frameworks @loader_path/Frameworks";
				PRODUCT_BUNDLE_IDENTIFIER = lol.Johnson.PBPocketBibleTests;
				PRODUCT_NAME = "$(TARGET_NAME)";
				TEST_HOST = "$(BUILT_PRODUCTS_DIR)/PBPocketBible.app/PBPocketBible";
			};
			name = Debug;
		};
		27AEF3371C0B4FA20094C0BC /* Release */ = {
			isa = XCBuildConfiguration;
			buildSettings = {
				BUNDLE_LOADER = "$(TEST_HOST)";
				INFOPLIST_FILE = PBPocketBibleTests/Info.plist;
				LD_RUNPATH_SEARCH_PATHS = "$(inherited) @executable_path/Frameworks @loader_path/Frameworks";
				PRODUCT_BUNDLE_IDENTIFIER = lol.Johnson.PBPocketBibleTests;
				PRODUCT_NAME = "$(TARGET_NAME)";
				TEST_HOST = "$(BUILT_PRODUCTS_DIR)/PBPocketBible.app/PBPocketBible";
			};
			name = Release;
		};
		27AEF3391C0B4FA20094C0BC /* Debug */ = {
			isa = XCBuildConfiguration;
			buildSettings = {
				INFOPLIST_FILE = PBPocketBibleUITests/Info.plist;
				LD_RUNPATH_SEARCH_PATHS = "$(inherited) @executable_path/Frameworks @loader_path/Frameworks";
				PRODUCT_BUNDLE_IDENTIFIER = lol.Johnson.PBPocketBibleUITests;
				PRODUCT_NAME = "$(TARGET_NAME)";
				TEST_TARGET_NAME = PBPocketBible;
				USES_XCTRUNNER = YES;
			};
			name = Debug;
		};
		27AEF33A1C0B4FA20094C0BC /* Release */ = {
			isa = XCBuildConfiguration;
			buildSettings = {
				INFOPLIST_FILE = PBPocketBibleUITests/Info.plist;
				LD_RUNPATH_SEARCH_PATHS = "$(inherited) @executable_path/Frameworks @loader_path/Frameworks";
				PRODUCT_BUNDLE_IDENTIFIER = lol.Johnson.PBPocketBibleUITests;
				PRODUCT_NAME = "$(TARGET_NAME)";
				TEST_TARGET_NAME = PBPocketBible;
				USES_XCTRUNNER = YES;
			};
			name = Release;
		};
/* End XCBuildConfiguration section */

/* Begin XCConfigurationList section */
		27AEF3001C0B4FA10094C0BC /* Build configuration list for PBXProject "PBPocketBible" */ = {
			isa = XCConfigurationList;
			buildConfigurations = (
				27AEF3301C0B4FA20094C0BC /* Debug */,
				27AEF3311C0B4FA20094C0BC /* Release */,
			);
			defaultConfigurationIsVisible = 0;
			defaultConfigurationName = Release;
		};
		27AEF3321C0B4FA20094C0BC /* Build configuration list for PBXNativeTarget "PBPocketBible" */ = {
			isa = XCConfigurationList;
			buildConfigurations = (
				27AEF3331C0B4FA20094C0BC /* Debug */,
				27AEF3341C0B4FA20094C0BC /* Release */,
			);
			defaultConfigurationIsVisible = 0;
			defaultConfigurationName = Release;
		};
		27AEF3351C0B4FA20094C0BC /* Build configuration list for PBXNativeTarget "PBPocketBibleTests" */ = {
			isa = XCConfigurationList;
			buildConfigurations = (
				27AEF3361C0B4FA20094C0BC /* Debug */,
				27AEF3371C0B4FA20094C0BC /* Release */,
			);
			defaultConfigurationIsVisible = 0;
			defaultConfigurationName = Release;
		};
		27AEF3381C0B4FA20094C0BC /* Build configuration list for PBXNativeTarget "PBPocketBibleUITests" */ = {
			isa = XCConfigurationList;
			buildConfigurations = (
				27AEF3391C0B4FA20094C0BC /* Debug */,
				27AEF33A1C0B4FA20094C0BC /* Release */,
			);
			defaultConfigurationIsVisible = 0;
			defaultConfigurationName = Release;
		};
/* End XCConfigurationList section */
	};
	rootObject = 27AEF2FD1C0B4FA10094C0BC /* Project object */;
}
